
Microsoft Visual Studio Solution File, Format Version 12.00
# Visual Studio Version 17
VisualStudioVersion = 17.4.33110.190
MinimumVisualStudioVersion = 10.0.40219.1
Project("{FAE04EC0-301F-11D3-BF4B-00C04F79EFBC}") = "ZeroHunger", "ZeroHunger.csproj", "{E7B2A6F1-8F3B-4C22-923D-B4185C8142FC}"
EndProject
Global
	GlobalSection(SolutionConfigurationPlatforms) = preSolution
		Debug|Any CPU = Debug|Any CPU
		Release|Any CPU = Release|Any CPU
	EndGlobalSection
	GlobalSection(ProjectConfigurationPlatforms) = postSolution
		{E7B2A6F1-8F3B-4C22-923D-B4185C8142FC}.Debug|Any CPU.ActiveCfg = Debug|Any CPU
		{E7B2A6F1-8F3B-4C22-923D-B4185C8142FC}.Debug|Any CPU.Build.0 = Debug|Any CPU
		{E7B2A6F1-8F3B-4C22-923D-B4185C8142FC}.Release|Any CPU.ActiveCfg = Release|Any CPU
		{E7B2A6F1-8F3B-4C22-923D-B4185C8142FC}.Release|Any CPU.Build.0 = Release|Any CPU
	EndGlobalSection
	GlobalSection(SolutionProperties) = preSolution
		HideSolutionNode = FALSE
	EndGlobalSection
	GlobalSection(ExtensibilityGlobals) = postSolution
		SolutionGuid = {8E1BA9D2-17EF-43B6-BBDC-CF5F29B98F8E}
	EndGlobalSection
EndGlobal
